// !$*UTF8*$!
{
	archiveVersion = 1;
	classes = {
	};
	objectVersion = 56;
	objects = {

/* Begin PBXBuildFile section */
		291F4D712C514CF70050BFF8 /* PotionExplosionApp.swift in Sources */ = {isa = PBXBuildFile; fileRef = 291F4D702C514CF70050BFF8 /* PotionExplosionApp.swift */; };
		291F4D732C514CF70050BFF8 /* ContentView.swift in Sources */ = {isa = PBXBuildFile; fileRef = 291F4D722C514CF70050BFF8 /* ContentView.swift */; };
		291F4D752C514CF70050BFF8 /* Item.swift in Sources */ = {isa = PBXBuildFile; fileRef = 291F4D742C514CF70050BFF8 /* Item.swift */; };
		291F4D772C514CF90050BFF8 /* Assets.xcassets in Resources */ = {isa = PBXBuildFile; fileRef = 291F4D762C514CF90050BFF8 /* Assets.xcassets */; };
		291F4D7A2C514CF90050BFF8 /* Preview Assets.xcassets in Resources */ = {isa = PBXBuildFile; fileRef = 291F4D792C514CF90050BFF8 /* Preview Assets.xcassets */; };
		291F4D842C514CF90050BFF8 /* PotionExplosionTests.swift in Sources */ = {isa = PBXBuildFile; fileRef = 291F4D832C514CF90050BFF8 /* PotionExplosionTests.swift */; };
		291F4D8E2C514CF90050BFF8 /* PotionExplosionUITests.swift in Sources */ = {isa = PBXBuildFile; fileRef = 291F4D8D2C514CF90050BFF8 /* PotionExplosionUITests.swift */; };
		291F4D902C514CF90050BFF8 /* PotionExplosionUITestsLaunchTests.swift in Sources */ = {isa = PBXBuildFile; fileRef = 291F4D8F2C514CF90050BFF8 /* PotionExplosionUITestsLaunchTests.swift */; };
		291F4DA12C514DB10050BFF8 /* ModelContainerPreview.swift in Sources */ = {isa = PBXBuildFile; fileRef = 291F4DA02C514DB10050BFF8 /* ModelContainerPreview.swift */; };
		291F4DA32C514DCF0050BFF8 /* ModelContainerSetup.swift in Sources */ = {isa = PBXBuildFile; fileRef = 291F4DA22C514DCF0050BFF8 /* ModelContainerSetup.swift */; };
		291F4DA52C514E460050BFF8 /* ItemDataExtension.swift in Sources */ = {isa = PBXBuildFile; fileRef = 291F4DA42C514E460050BFF8 /* ItemDataExtension.swift */; };
		291F4DA92C51512D0050BFF8 /* ActiveTurnPlayerArea.swift in Sources */ = {isa = PBXBuildFile; fileRef = 291F4DA82C51512D0050BFF8 /* ActiveTurnPlayerArea.swift */; };
		291F4DAB2C5151350050BFF8 /* GameBoard.swift in Sources */ = {isa = PBXBuildFile; fileRef = 291F4DAA2C5151350050BFF8 /* GameBoard.swift */; };
		291F4DB12C51541F0050BFF8 /* Ingredient.swift in Sources */ = {isa = PBXBuildFile; fileRef = 291F4DB02C51541F0050BFF8 /* Ingredient.swift */; };
		291F4DB32C515BD00050BFF8 /* PlayersInformation.swift in Sources */ = {isa = PBXBuildFile; fileRef = 291F4DB22C515BD00050BFF8 /* PlayersInformation.swift */; };
		291F4DB52C515C790050BFF8 /* AvailablePotions.swift in Sources */ = {isa = PBXBuildFile; fileRef = 291F4DB42C515C790050BFF8 /* AvailablePotions.swift */; };
		291F4DB72C5180870050BFF8 /* IngredientPool.swift in Sources */ = {isa = PBXBuildFile; fileRef = 291F4DB62C5180870050BFF8 /* IngredientPool.swift */; };
		291F4DB92C5182500050BFF8 /* IncompletePotions.swift in Sources */ = {isa = PBXBuildFile; fileRef = 291F4DB82C5182500050BFF8 /* IncompletePotions.swift */; };
		291F4DBB2C5182590050BFF8 /* CompletedPotions.swift in Sources */ = {isa = PBXBuildFile; fileRef = 291F4DBA2C5182590050BFF8 /* CompletedPotions.swift */; };
		291F4DBD2C5183900050BFF8 /* Potion.swift in Sources */ = {isa = PBXBuildFile; fileRef = 291F4DBC2C5183900050BFF8 /* Potion.swift */; };
		291F4DC02C52189C0050BFF8 /* AppContext.swift in Sources */ = {isa = PBXBuildFile; fileRef = 291F4DBF2C52189C0050BFF8 /* AppContext.swift */; };
		291F4DC22C52AD7D0050BFF8 /* PotionDataExtension.swift in Sources */ = {isa = PBXBuildFile; fileRef = 291F4DC12C52AD7D0050BFF8 /* PotionDataExtension.swift */; };
		291F4DC42C52AD8B0050BFF8 /* IngredientDataExtension.swift in Sources */ = {isa = PBXBuildFile; fileRef = 291F4DC32C52AD8B0050BFF8 /* IngredientDataExtension.swift */; };
		291F4DC62C52B29F0050BFF8 /* SampleDataProtocol.swift in Sources */ = {isa = PBXBuildFile; fileRef = 291F4DC52C52B29F0050BFF8 /* SampleDataProtocol.swift */; };
		291F4DC82C52C9720050BFF8 /* PotionRow.swift in Sources */ = {isa = PBXBuildFile; fileRef = 291F4DC72C52C9720050BFF8 /* PotionRow.swift */; };
		2929640A2C571EAB0090A79E /* TurnActions.swift in Sources */ = {isa = PBXBuildFile; fileRef = 292964092C571EAB0090A79E /* TurnActions.swift */; };
		29BBE1402C54A371001A3B49 /* Token.swift in Sources */ = {isa = PBXBuildFile; fileRef = 29BBE13F2C54A371001A3B49 /* Token.swift */; };
		29BBE1442C54CBD8001A3B49 /* Turn.swift in Sources */ = {isa = PBXBuildFile; fileRef = 29BBE1432C54CBD8001A3B49 /* Turn.swift */; };
		29BBE1462C54CEFC001A3B49 /* SavedIngredients.swift in Sources */ = {isa = PBXBuildFile; fileRef = 29BBE1452C54CEFC001A3B49 /* SavedIngredients.swift */; };
		29BBE1492C554BEF001A3B49 /* GrowingButton.swift in Sources */ = {isa = PBXBuildFile; fileRef = 29BBE1482C554BEF001A3B49 /* GrowingButton.swift */; };
		29BBE14B2C554DE3001A3B49 /* IngredientButton.swift in Sources */ = {isa = PBXBuildFile; fileRef = 29BBE14A2C554DE3001A3B49 /* IngredientButton.swift */; };
		29D7C4D92C5826C800E8C064 /* IngredientSelectionTypePicker.swift in Sources */ = {isa = PBXBuildFile; fileRef = 29D7C4D82C5826C800E8C064 /* IngredientSelectionTypePicker.swift */; };
/* End PBXBuildFile section */

/* Begin PBXContainerItemProxy section */
		291F4D802C514CF90050BFF8 /* PBXContainerItemProxy */ = {
			isa = PBXContainerItemProxy;
			containerPortal = 291F4D652C514CF70050BFF8 /* Project object */;
			proxyType = 1;
			remoteGlobalIDString = 291F4D6C2C514CF70050BFF8;
			remoteInfo = PotionExplosion;
		};
		291F4D8A2C514CF90050BFF8 /* PBXContainerItemProxy */ = {
			isa = PBXContainerItemProxy;
			containerPortal = 291F4D652C514CF70050BFF8 /* Project object */;
			proxyType = 1;
			remoteGlobalIDString = 291F4D6C2C514CF70050BFF8;
			remoteInfo = PotionExplosion;
		};
/* End PBXContainerItemProxy section */

/* Begin PBXFileReference section */
		291F4D6D2C514CF70050BFF8 /* PotionExplosion.app */ = {isa = PBXFileReference; explicitFileType = wrapper.application; includeInIndex = 0; path = PotionExplosion.app; sourceTree = BUILT_PRODUCTS_DIR; };
		291F4D702C514CF70050BFF8 /* PotionExplosionApp.swift */ = {isa = PBXFileReference; lastKnownFileType = sourcecode.swift; path = PotionExplosionApp.swift; sourceTree = "<group>"; };
		291F4D722C514CF70050BFF8 /* ContentView.swift */ = {isa = PBXFileReference; lastKnownFileType = sourcecode.swift; path = ContentView.swift; sourceTree = "<group>"; };
		291F4D742C514CF70050BFF8 /* Item.swift */ = {isa = PBXFileReference; lastKnownFileType = sourcecode.swift; path = Item.swift; sourceTree = "<group>"; };
		291F4D762C514CF90050BFF8 /* Assets.xcassets */ = {isa = PBXFileReference; lastKnownFileType = folder.assetcatalog; path = Assets.xcassets; sourceTree = "<group>"; };
		291F4D792C514CF90050BFF8 /* Preview Assets.xcassets */ = {isa = PBXFileReference; lastKnownFileType = folder.assetcatalog; path = "Preview Assets.xcassets"; sourceTree = "<group>"; };
		291F4D7F2C514CF90050BFF8 /* PotionExplosionTests.xctest */ = {isa = PBXFileReference; explicitFileType = wrapper.cfbundle; includeInIndex = 0; path = PotionExplosionTests.xctest; sourceTree = BUILT_PRODUCTS_DIR; };
		291F4D832C514CF90050BFF8 /* PotionExplosionTests.swift */ = {isa = PBXFileReference; lastKnownFileType = sourcecode.swift; path = PotionExplosionTests.swift; sourceTree = "<group>"; };
		291F4D892C514CF90050BFF8 /* PotionExplosionUITests.xctest */ = {isa = PBXFileReference; explicitFileType = wrapper.cfbundle; includeInIndex = 0; path = PotionExplosionUITests.xctest; sourceTree = BUILT_PRODUCTS_DIR; };
		291F4D8D2C514CF90050BFF8 /* PotionExplosionUITests.swift */ = {isa = PBXFileReference; lastKnownFileType = sourcecode.swift; path = PotionExplosionUITests.swift; sourceTree = "<group>"; };
		291F4D8F2C514CF90050BFF8 /* PotionExplosionUITestsLaunchTests.swift */ = {isa = PBXFileReference; lastKnownFileType = sourcecode.swift; path = PotionExplosionUITestsLaunchTests.swift; sourceTree = "<group>"; };
		291F4DA02C514DB10050BFF8 /* ModelContainerPreview.swift */ = {isa = PBXFileReference; lastKnownFileType = sourcecode.swift; path = ModelContainerPreview.swift; sourceTree = "<group>"; };
		291F4DA22C514DCF0050BFF8 /* ModelContainerSetup.swift */ = {isa = PBXFileReference; lastKnownFileType = sourcecode.swift; path = ModelContainerSetup.swift; sourceTree = "<group>"; };
		291F4DA42C514E460050BFF8 /* ItemDataExtension.swift */ = {isa = PBXFileReference; lastKnownFileType = sourcecode.swift; path = ItemDataExtension.swift; sourceTree = "<group>"; };
		291F4DA82C51512D0050BFF8 /* ActiveTurnPlayerArea.swift */ = {isa = PBXFileReference; lastKnownFileType = sourcecode.swift; path = ActiveTurnPlayerArea.swift; sourceTree = "<group>"; };
		291F4DAA2C5151350050BFF8 /* GameBoard.swift */ = {isa = PBXFileReference; lastKnownFileType = sourcecode.swift; path = GameBoard.swift; sourceTree = "<group>"; };
		291F4DB02C51541F0050BFF8 /* Ingredient.swift */ = {isa = PBXFileReference; lastKnownFileType = sourcecode.swift; path = Ingredient.swift; sourceTree = "<group>"; };
		291F4DB22C515BD00050BFF8 /* PlayersInformation.swift */ = {isa = PBXFileReference; lastKnownFileType = sourcecode.swift; path = PlayersInformation.swift; sourceTree = "<group>"; };
		291F4DB42C515C790050BFF8 /* AvailablePotions.swift */ = {isa = PBXFileReference; lastKnownFileType = sourcecode.swift; path = AvailablePotions.swift; sourceTree = "<group>"; };
		291F4DB62C5180870050BFF8 /* IngredientPool.swift */ = {isa = PBXFileReference; lastKnownFileType = sourcecode.swift; path = IngredientPool.swift; sourceTree = "<group>"; };
		291F4DB82C5182500050BFF8 /* IncompletePotions.swift */ = {isa = PBXFileReference; lastKnownFileType = sourcecode.swift; path = IncompletePotions.swift; sourceTree = "<group>"; };
		291F4DBA2C5182590050BFF8 /* CompletedPotions.swift */ = {isa = PBXFileReference; lastKnownFileType = sourcecode.swift; path = CompletedPotions.swift; sourceTree = "<group>"; };
		291F4DBC2C5183900050BFF8 /* Potion.swift */ = {isa = PBXFileReference; lastKnownFileType = sourcecode.swift; path = Potion.swift; sourceTree = "<group>"; };
		291F4DBF2C52189C0050BFF8 /* AppContext.swift */ = {isa = PBXFileReference; lastKnownFileType = sourcecode.swift; path = AppContext.swift; sourceTree = "<group>"; };
		291F4DC12C52AD7D0050BFF8 /* PotionDataExtension.swift */ = {isa = PBXFileReference; lastKnownFileType = sourcecode.swift; path = PotionDataExtension.swift; sourceTree = "<group>"; };
		291F4DC32C52AD8B0050BFF8 /* IngredientDataExtension.swift */ = {isa = PBXFileReference; lastKnownFileType = sourcecode.swift; path = IngredientDataExtension.swift; sourceTree = "<group>"; };
		291F4DC52C52B29F0050BFF8 /* SampleDataProtocol.swift */ = {isa = PBXFileReference; lastKnownFileType = sourcecode.swift; path = SampleDataProtocol.swift; sourceTree = "<group>"; };
		291F4DC72C52C9720050BFF8 /* PotionRow.swift */ = {isa = PBXFileReference; lastKnownFileType = sourcecode.swift; path = PotionRow.swift; sourceTree = "<group>"; };
		292964092C571EAB0090A79E /* TurnActions.swift */ = {isa = PBXFileReference; lastKnownFileType = sourcecode.swift; path = TurnActions.swift; sourceTree = "<group>"; };
		29BBE13F2C54A371001A3B49 /* Token.swift */ = {isa = PBXFileReference; lastKnownFileType = sourcecode.swift; path = Token.swift; sourceTree = "<group>"; };
		29BBE1432C54CBD8001A3B49 /* Turn.swift */ = {isa = PBXFileReference; lastKnownFileType = sourcecode.swift; path = Turn.swift; sourceTree = "<group>"; };
		29BBE1452C54CEFC001A3B49 /* SavedIngredients.swift */ = {isa = PBXFileReference; lastKnownFileType = sourcecode.swift; path = SavedIngredients.swift; sourceTree = "<group>"; };
		29BBE1482C554BEF001A3B49 /* GrowingButton.swift */ = {isa = PBXFileReference; lastKnownFileType = sourcecode.swift; path = GrowingButton.swift; sourceTree = "<group>"; };
		29BBE14A2C554DE3001A3B49 /* IngredientButton.swift */ = {isa = PBXFileReference; lastKnownFileType = sourcecode.swift; path = IngredientButton.swift; sourceTree = "<group>"; };
		29D7C4D82C5826C800E8C064 /* IngredientSelectionTypePicker.swift */ = {isa = PBXFileReference; lastKnownFileType = sourcecode.swift; path = IngredientSelectionTypePicker.swift; sourceTree = "<group>"; };
/* End PBXFileReference section */

/* Begin PBXFrameworksBuildPhase section */
		291F4D6A2C514CF70050BFF8 /* Frameworks */ = {
			isa = PBXFrameworksBuildPhase;
			buildActionMask = 2147483647;
			files = (
			);
			runOnlyForDeploymentPostprocessing = 0;
		};
		291F4D7C2C514CF90050BFF8 /* Frameworks */ = {
			isa = PBXFrameworksBuildPhase;
			buildActionMask = 2147483647;
			files = (
			);
			runOnlyForDeploymentPostprocessing = 0;
		};
		291F4D862C514CF90050BFF8 /* Frameworks */ = {
			isa = PBXFrameworksBuildPhase;
			buildActionMask = 2147483647;
			files = (
			);
			runOnlyForDeploymentPostprocessing = 0;
		};
/* End PBXFrameworksBuildPhase section */

/* Begin PBXGroup section */
		291F4D642C514CF70050BFF8 = {
			isa = PBXGroup;
			children = (
				291F4D6F2C514CF70050BFF8 /* PotionExplosion */,
				291F4D822C514CF90050BFF8 /* PotionExplosionTests */,
				291F4D8C2C514CF90050BFF8 /* PotionExplosionUITests */,
				291F4D6E2C514CF70050BFF8 /* Products */,
			);
			sourceTree = "<group>";
		};
		291F4D6E2C514CF70050BFF8 /* Products */ = {
			isa = PBXGroup;
			children = (
				291F4D6D2C514CF70050BFF8 /* PotionExplosion.app */,
				291F4D7F2C514CF90050BFF8 /* PotionExplosionTests.xctest */,
				291F4D892C514CF90050BFF8 /* PotionExplosionUITests.xctest */,
			);
			name = Products;
			sourceTree = "<group>";
		};
		291F4D6F2C514CF70050BFF8 /* PotionExplosion */ = {
			isa = PBXGroup;
			children = (
				291F4D9C2C514D570050BFF8 /* Views */,
				29BBE1472C554BDB001A3B49 /* Styles */,
				291F4DBE2C5218750050BFF8 /* Context */,
				291F4D9E2C514D740050BFF8 /* Models */,
				291F4D9D2C514D610050BFF8 /* SampleData */,
				291F4D9F2C514D7F0050BFF8 /* PreviewHelpers */,
				291F4D702C514CF70050BFF8 /* PotionExplosionApp.swift */,
				291F4D782C514CF90050BFF8 /* Preview Content */,
				291F4D762C514CF90050BFF8 /* Assets.xcassets */,
			);
			path = PotionExplosion;
			sourceTree = "<group>";
		};
		291F4D782C514CF90050BFF8 /* Preview Content */ = {
			isa = PBXGroup;
			children = (
				291F4D792C514CF90050BFF8 /* Preview Assets.xcassets */,
			);
			path = "Preview Content";
			sourceTree = "<group>";
		};
		291F4D822C514CF90050BFF8 /* PotionExplosionTests */ = {
			isa = PBXGroup;
			children = (
				291F4D832C514CF90050BFF8 /* PotionExplosionTests.swift */,
			);
			path = PotionExplosionTests;
			sourceTree = "<group>";
		};
		291F4D8C2C514CF90050BFF8 /* PotionExplosionUITests */ = {
			isa = PBXGroup;
			children = (
				291F4D8D2C514CF90050BFF8 /* PotionExplosionUITests.swift */,
				291F4D8F2C514CF90050BFF8 /* PotionExplosionUITestsLaunchTests.swift */,
			);
			path = PotionExplosionUITests;
			sourceTree = "<group>";
		};
		291F4D9C2C514D570050BFF8 /* Views */ = {
			isa = PBXGroup;
			children = (
				291F4D722C514CF70050BFF8 /* ContentView.swift */,
				291F4DAA2C5151350050BFF8 /* GameBoard.swift */,
				291F4DB22C515BD00050BFF8 /* PlayersInformation.swift */,
				291F4DA82C51512D0050BFF8 /* ActiveTurnPlayerArea.swift */,
				292964092C571EAB0090A79E /* TurnActions.swift */,
				29D7C4D82C5826C800E8C064 /* IngredientSelectionTypePicker.swift */,
				291F4DBA2C5182590050BFF8 /* CompletedPotions.swift */,
				291F4DB62C5180870050BFF8 /* IngredientPool.swift */,
				29BBE1452C54CEFC001A3B49 /* SavedIngredients.swift */,
				291F4DB82C5182500050BFF8 /* IncompletePotions.swift */,
				291F4DC72C52C9720050BFF8 /* PotionRow.swift */,
				291F4DB42C515C790050BFF8 /* AvailablePotions.swift */,
			);
			path = Views;
			sourceTree = "<group>";
		};
		291F4D9D2C514D610050BFF8 /* SampleData */ = {
			isa = PBXGroup;
			children = (
				291F4DC52C52B29F0050BFF8 /* SampleDataProtocol.swift */,
				291F4DA42C514E460050BFF8 /* ItemDataExtension.swift */,
				291F4DC12C52AD7D0050BFF8 /* PotionDataExtension.swift */,
				291F4DC32C52AD8B0050BFF8 /* IngredientDataExtension.swift */,
			);
			path = SampleData;
			sourceTree = "<group>";
		};
		291F4D9E2C514D740050BFF8 /* Models */ = {
			isa = PBXGroup;
			children = (
				291F4D742C514CF70050BFF8 /* Item.swift */,
			);
			path = Models;
			sourceTree = "<group>";
		};
		291F4D9F2C514D7F0050BFF8 /* PreviewHelpers */ = {
			isa = PBXGroup;
			children = (
				291F4DA02C514DB10050BFF8 /* ModelContainerPreview.swift */,
				291F4DA22C514DCF0050BFF8 /* ModelContainerSetup.swift */,
			);
			path = PreviewHelpers;
			sourceTree = "<group>";
		};
		291F4DBE2C5218750050BFF8 /* Context */ = {
			isa = PBXGroup;
			children = (
				291F4DBF2C52189C0050BFF8 /* AppContext.swift */,
				291F4DB02C51541F0050BFF8 /* Ingredient.swift */,
				291F4DBC2C5183900050BFF8 /* Potion.swift */,
				29BBE13F2C54A371001A3B49 /* Token.swift */,
				29BBE1432C54CBD8001A3B49 /* Turn.swift */,
			);
			path = Context;
			sourceTree = "<group>";
		};
		29BBE1472C554BDB001A3B49 /* Styles */ = {
			isa = PBXGroup;
			children = (
				29BBE1482C554BEF001A3B49 /* GrowingButton.swift */,
				29BBE14A2C554DE3001A3B49 /* IngredientButton.swift */,
			);
			path = Styles;
			sourceTree = "<group>";
		};
/* End PBXGroup section */

/* Begin PBXNativeTarget section */
		291F4D6C2C514CF70050BFF8 /* PotionExplosion */ = {
			isa = PBXNativeTarget;
			buildConfigurationList = 291F4D932C514CF90050BFF8 /* Build configuration list for PBXNativeTarget "PotionExplosion" */;
			buildPhases = (
				291F4D692C514CF70050BFF8 /* Sources */,
				291F4D6A2C514CF70050BFF8 /* Frameworks */,
				291F4D6B2C514CF70050BFF8 /* Resources */,
			);
			buildRules = (
			);
			dependencies = (
			);
			name = PotionExplosion;
			productName = PotionExplosion;
			productReference = 291F4D6D2C514CF70050BFF8 /* PotionExplosion.app */;
			productType = "com.apple.product-type.application";
		};
		291F4D7E2C514CF90050BFF8 /* PotionExplosionTests */ = {
			isa = PBXNativeTarget;
			buildConfigurationList = 291F4D962C514CF90050BFF8 /* Build configuration list for PBXNativeTarget "PotionExplosionTests" */;
			buildPhases = (
				291F4D7B2C514CF90050BFF8 /* Sources */,
				291F4D7C2C514CF90050BFF8 /* Frameworks */,
				291F4D7D2C514CF90050BFF8 /* Resources */,
			);
			buildRules = (
			);
			dependencies = (
				291F4D812C514CF90050BFF8 /* PBXTargetDependency */,
			);
			name = PotionExplosionTests;
			productName = PotionExplosionTests;
			productReference = 291F4D7F2C514CF90050BFF8 /* PotionExplosionTests.xctest */;
			productType = "com.apple.product-type.bundle.unit-test";
		};
		291F4D882C514CF90050BFF8 /* PotionExplosionUITests */ = {
			isa = PBXNativeTarget;
			buildConfigurationList = 291F4D992C514CF90050BFF8 /* Build configuration list for PBXNativeTarget "PotionExplosionUITests" */;
			buildPhases = (
				291F4D852C514CF90050BFF8 /* Sources */,
				291F4D862C514CF90050BFF8 /* Frameworks */,
				291F4D872C514CF90050BFF8 /* Resources */,
			);
			buildRules = (
			);
			dependencies = (
				291F4D8B2C514CF90050BFF8 /* PBXTargetDependency */,
			);
			name = PotionExplosionUITests;
			productName = PotionExplosionUITests;
			productReference = 291F4D892C514CF90050BFF8 /* PotionExplosionUITests.xctest */;
			productType = "com.apple.product-type.bundle.ui-testing";
		};
/* End PBXNativeTarget section */

/* Begin PBXProject section */
		291F4D652C514CF70050BFF8 /* Project object */ = {
			isa = PBXProject;
			attributes = {
				BuildIndependentTargetsInParallel = 1;
				LastSwiftUpdateCheck = 1540;
				LastUpgradeCheck = 1540;
				TargetAttributes = {
					291F4D6C2C514CF70050BFF8 = {
						CreatedOnToolsVersion = 15.4;
					};
					291F4D7E2C514CF90050BFF8 = {
						CreatedOnToolsVersion = 15.4;
						TestTargetID = 291F4D6C2C514CF70050BFF8;
					};
					291F4D882C514CF90050BFF8 = {
						CreatedOnToolsVersion = 15.4;
						TestTargetID = 291F4D6C2C514CF70050BFF8;
					};
				};
			};
			buildConfigurationList = 291F4D682C514CF70050BFF8 /* Build configuration list for PBXProject "PotionExplosion" */;
			compatibilityVersion = "Xcode 14.0";
			developmentRegion = en;
			hasScannedForEncodings = 0;
			knownRegions = (
				en,
				Base,
			);
			mainGroup = 291F4D642C514CF70050BFF8;
			productRefGroup = 291F4D6E2C514CF70050BFF8 /* Products */;
			projectDirPath = "";
			projectRoot = "";
			targets = (
				291F4D6C2C514CF70050BFF8 /* PotionExplosion */,
				291F4D7E2C514CF90050BFF8 /* PotionExplosionTests */,
				291F4D882C514CF90050BFF8 /* PotionExplosionUITests */,
			);
		};
/* End PBXProject section */

/* Begin PBXResourcesBuildPhase section */
		291F4D6B2C514CF70050BFF8 /* Resources */ = {
			isa = PBXResourcesBuildPhase;
			buildActionMask = 2147483647;
			files = (
				291F4D7A2C514CF90050BFF8 /* Preview Assets.xcassets in Resources */,
				291F4D772C514CF90050BFF8 /* Assets.xcassets in Resources */,
			);
			runOnlyForDeploymentPostprocessing = 0;
		};
		291F4D7D2C514CF90050BFF8 /* Resources */ = {
			isa = PBXResourcesBuildPhase;
			buildActionMask = 2147483647;
			files = (
			);
			runOnlyForDeploymentPostprocessing = 0;
		};
		291F4D872C514CF90050BFF8 /* Resources */ = {
			isa = PBXResourcesBuildPhase;
			buildActionMask = 2147483647;
			files = (
			);
			runOnlyForDeploymentPostprocessing = 0;
		};
/* End PBXResourcesBuildPhase section */

/* Begin PBXSourcesBuildPhase section */
		291F4D692C514CF70050BFF8 /* Sources */ = {
			isa = PBXSourcesBuildPhase;
			buildActionMask = 2147483647;
			files = (
				291F4DBD2C5183900050BFF8 /* Potion.swift in Sources */,
				29BBE1442C54CBD8001A3B49 /* Turn.swift in Sources */,
				291F4DC62C52B29F0050BFF8 /* SampleDataProtocol.swift in Sources */,
				291F4DAB2C5151350050BFF8 /* GameBoard.swift in Sources */,
				291F4DB52C515C790050BFF8 /* AvailablePotions.swift in Sources */,
				29BBE1492C554BEF001A3B49 /* GrowingButton.swift in Sources */,
				2929640A2C571EAB0090A79E /* TurnActions.swift in Sources */,
				29D7C4D92C5826C800E8C064 /* IngredientSelectionTypePicker.swift in Sources */,
				291F4DC22C52AD7D0050BFF8 /* PotionDataExtension.swift in Sources */,
				291F4DA92C51512D0050BFF8 /* ActiveTurnPlayerArea.swift in Sources */,
				29BBE1462C54CEFC001A3B49 /* SavedIngredients.swift in Sources */,
				29BBE14B2C554DE3001A3B49 /* IngredientButton.swift in Sources */,
				29BBE1402C54A371001A3B49 /* Token.swift in Sources */,
				291F4DB92C5182500050BFF8 /* IncompletePotions.swift in Sources */,
				291F4DB72C5180870050BFF8 /* IngredientPool.swift in Sources */,
				291F4DA12C514DB10050BFF8 /* ModelContainerPreview.swift in Sources */,
				291F4DB32C515BD00050BFF8 /* PlayersInformation.swift in Sources */,
				291F4D732C514CF70050BFF8 /* ContentView.swift in Sources */,
				291F4DBB2C5182590050BFF8 /* CompletedPotions.swift in Sources */,
				291F4D752C514CF70050BFF8 /* Item.swift in Sources */,
				291F4D712C514CF70050BFF8 /* PotionExplosionApp.swift in Sources */,
				291F4DC02C52189C0050BFF8 /* AppContext.swift in Sources */,
				291F4DB12C51541F0050BFF8 /* Ingredient.swift in Sources */,
				291F4DC42C52AD8B0050BFF8 /* IngredientDataExtension.swift in Sources */,
				291F4DA52C514E460050BFF8 /* ItemDataExtension.swift in Sources */,
				291F4DA32C514DCF0050BFF8 /* ModelContainerSetup.swift in Sources */,
				291F4DC82C52C9720050BFF8 /* PotionRow.swift in Sources */,
			);
			runOnlyForDeploymentPostprocessing = 0;
		};
		291F4D7B2C514CF90050BFF8 /* Sources */ = {
			isa = PBXSourcesBuildPhase;
			buildActionMask = 2147483647;
			files = (
				291F4D842C514CF90050BFF8 /* PotionExplosionTests.swift in Sources */,
			);
			runOnlyForDeploymentPostprocessing = 0;
		};
		291F4D852C514CF90050BFF8 /* Sources */ = {
			isa = PBXSourcesBuildPhase;
			buildActionMask = 2147483647;
			files = (
				291F4D8E2C514CF90050BFF8 /* PotionExplosionUITests.swift in Sources */,
				291F4D902C514CF90050BFF8 /* PotionExplosionUITestsLaunchTests.swift in Sources */,
			);
			runOnlyForDeploymentPostprocessing = 0;
		};
/* End PBXSourcesBuildPhase section */

/* Begin PBXTargetDependency section */
		291F4D812C514CF90050BFF8 /* PBXTargetDependency */ = {
			isa = PBXTargetDependency;
			target = 291F4D6C2C514CF70050BFF8 /* PotionExplosion */;
			targetProxy = 291F4D802C514CF90050BFF8 /* PBXContainerItemProxy */;
		};
		291F4D8B2C514CF90050BFF8 /* PBXTargetDependency */ = {
			isa = PBXTargetDependency;
			target = 291F4D6C2C514CF70050BFF8 /* PotionExplosion */;
			targetProxy = 291F4D8A2C514CF90050BFF8 /* PBXContainerItemProxy */;
		};
/* End PBXTargetDependency section */

/* Begin XCBuildConfiguration section */
		291F4D912C514CF90050BFF8 /* Debug */ = {
			isa = XCBuildConfiguration;
			buildSettings = {
				ALWAYS_SEARCH_USER_PATHS = NO;
				ASSETCATALOG_COMPILER_GENERATE_SWIFT_ASSET_SYMBOL_EXTENSIONS = YES;
				CLANG_ANALYZER_NONNULL = YES;
				CLANG_ANALYZER_NUMBER_OBJECT_CONVERSION = YES_AGGRESSIVE;
				CLANG_CXX_LANGUAGE_STANDARD = "gnu++20";
				CLANG_ENABLE_MODULES = YES;
				CLANG_ENABLE_OBJC_ARC = YES;
				CLANG_ENABLE_OBJC_WEAK = YES;
				CLANG_WARN_BLOCK_CAPTURE_AUTORELEASING = YES;
				CLANG_WARN_BOOL_CONVERSION = YES;
				CLANG_WARN_COMMA = YES;
				CLANG_WARN_CONSTANT_CONVERSION = YES;
				CLANG_WARN_DEPRECATED_OBJC_IMPLEMENTATIONS = YES;
				CLANG_WARN_DIRECT_OBJC_ISA_USAGE = YES_ERROR;
				CLANG_WARN_DOCUMENTATION_COMMENTS = YES;
				CLANG_WARN_EMPTY_BODY = YES;
				CLANG_WARN_ENUM_CONVERSION = YES;
				CLANG_WARN_INFINITE_RECURSION = YES;
				CLANG_WARN_INT_CONVERSION = YES;
				CLANG_WARN_NON_LITERAL_NULL_CONVERSION = YES;
				CLANG_WARN_OBJC_IMPLICIT_RETAIN_SELF = YES;
				CLANG_WARN_OBJC_LITERAL_CONVERSION = YES;
				CLANG_WARN_OBJC_ROOT_CLASS = YES_ERROR;
				CLANG_WARN_QUOTED_INCLUDE_IN_FRAMEWORK_HEADER = YES;
				CLANG_WARN_RANGE_LOOP_ANALYSIS = YES;
				CLANG_WARN_STRICT_PROTOTYPES = YES;
				CLANG_WARN_SUSPICIOUS_MOVE = YES;
				CLANG_WARN_UNGUARDED_AVAILABILITY = YES_AGGRESSIVE;
				CLANG_WARN_UNREACHABLE_CODE = YES;
				CLANG_WARN__DUPLICATE_METHOD_MATCH = YES;
				COPY_PHASE_STRIP = NO;
				DEBUG_INFORMATION_FORMAT = dwarf;
				ENABLE_STRICT_OBJC_MSGSEND = YES;
				ENABLE_TESTABILITY = YES;
				ENABLE_USER_SCRIPT_SANDBOXING = YES;
				GCC_C_LANGUAGE_STANDARD = gnu17;
				GCC_DYNAMIC_NO_PIC = NO;
				GCC_NO_COMMON_BLOCKS = YES;
				GCC_OPTIMIZATION_LEVEL = 0;
				GCC_PREPROCESSOR_DEFINITIONS = (
					"DEBUG=1",
					"$(inherited)",
				);
				GCC_WARN_64_TO_32_BIT_CONVERSION = YES;
				GCC_WARN_ABOUT_RETURN_TYPE = YES_ERROR;
				GCC_WARN_UNDECLARED_SELECTOR = YES;
				GCC_WARN_UNINITIALIZED_AUTOS = YES_AGGRESSIVE;
				GCC_WARN_UNUSED_FUNCTION = YES;
				GCC_WARN_UNUSED_VARIABLE = YES;
				IPHONEOS_DEPLOYMENT_TARGET = 17.5;
				LOCALIZATION_PREFERS_STRING_CATALOGS = YES;
				MTL_ENABLE_DEBUG_INFO = INCLUDE_SOURCE;
				MTL_FAST_MATH = YES;
				ONLY_ACTIVE_ARCH = YES;
				SDKROOT = iphoneos;
				SWIFT_ACTIVE_COMPILATION_CONDITIONS = "DEBUG $(inherited)";
				SWIFT_OPTIMIZATION_LEVEL = "-Onone";
			};
			name = Debug;
		};
		291F4D922C514CF90050BFF8 /* Release */ = {
			isa = XCBuildConfiguration;
			buildSettings = {
				ALWAYS_SEARCH_USER_PATHS = NO;
				ASSETCATALOG_COMPILER_GENERATE_SWIFT_ASSET_SYMBOL_EXTENSIONS = YES;
				CLANG_ANALYZER_NONNULL = YES;
				CLANG_ANALYZER_NUMBER_OBJECT_CONVERSION = YES_AGGRESSIVE;
				CLANG_CXX_LANGUAGE_STANDARD = "gnu++20";
				CLANG_ENABLE_MODULES = YES;
				CLANG_ENABLE_OBJC_ARC = YES;
				CLANG_ENABLE_OBJC_WEAK = YES;
				CLANG_WARN_BLOCK_CAPTURE_AUTORELEASING = YES;
				CLANG_WARN_BOOL_CONVERSION = YES;
				CLANG_WARN_COMMA = YES;
				CLANG_WARN_CONSTANT_CONVERSION = YES;
				CLANG_WARN_DEPRECATED_OBJC_IMPLEMENTATIONS = YES;
				CLANG_WARN_DIRECT_OBJC_ISA_USAGE = YES_ERROR;
				CLANG_WARN_DOCUMENTATION_COMMENTS = YES;
				CLANG_WARN_EMPTY_BODY = YES;
				CLANG_WARN_ENUM_CONVERSION = YES;
				CLANG_WARN_INFINITE_RECURSION = YES;
				CLANG_WARN_INT_CONVERSION = YES;
				CLANG_WARN_NON_LITERAL_NULL_CONVERSION = YES;
				CLANG_WARN_OBJC_IMPLICIT_RETAIN_SELF = YES;
				CLANG_WARN_OBJC_LITERAL_CONVERSION = YES;
				CLANG_WARN_OBJC_ROOT_CLASS = YES_ERROR;
				CLANG_WARN_QUOTED_INCLUDE_IN_FRAMEWORK_HEADER = YES;
				CLANG_WARN_RANGE_LOOP_ANALYSIS = YES;
				CLANG_WARN_STRICT_PROTOTYPES = YES;
				CLANG_WARN_SUSPICIOUS_MOVE = YES;
				CLANG_WARN_UNGUARDED_AVAILABILITY = YES_AGGRESSIVE;
				CLANG_WARN_UNREACHABLE_CODE = YES;
				CLANG_WARN__DUPLICATE_METHOD_MATCH = YES;
				COPY_PHASE_STRIP = NO;
				DEBUG_INFORMATION_FORMAT = "dwarf-with-dsym";
				ENABLE_NS_ASSERTIONS = NO;
				ENABLE_STRICT_OBJC_MSGSEND = YES;
				ENABLE_USER_SCRIPT_SANDBOXING = YES;
				GCC_C_LANGUAGE_STANDARD = gnu17;
				GCC_NO_COMMON_BLOCKS = YES;
				GCC_WARN_64_TO_32_BIT_CONVERSION = YES;
				GCC_WARN_ABOUT_RETURN_TYPE = YES_ERROR;
				GCC_WARN_UNDECLARED_SELECTOR = YES;
				GCC_WARN_UNINITIALIZED_AUTOS = YES_AGGRESSIVE;
				GCC_WARN_UNUSED_FUNCTION = YES;
				GCC_WARN_UNUSED_VARIABLE = YES;
				IPHONEOS_DEPLOYMENT_TARGET = 17.5;
				LOCALIZATION_PREFERS_STRING_CATALOGS = YES;
				MTL_ENABLE_DEBUG_INFO = NO;
				MTL_FAST_MATH = YES;
				SDKROOT = iphoneos;
				SWIFT_COMPILATION_MODE = wholemodule;
				VALIDATE_PRODUCT = YES;
			};
			name = Release;
		};
		291F4D942C514CF90050BFF8 /* Debug */ = {
			isa = XCBuildConfiguration;
			buildSettings = {
				ASSETCATALOG_COMPILER_APPICON_NAME = AppIcon;
				ASSETCATALOG_COMPILER_GLOBAL_ACCENT_COLOR_NAME = AccentColor;
				CODE_SIGN_STYLE = Automatic;
				CURRENT_PROJECT_VERSION = 1;
				DEVELOPMENT_ASSET_PATHS = "\"PotionExplosion/Preview Content\"";
				DEVELOPMENT_TEAM = CDR47T3ZRC;
				ENABLE_PREVIEWS = YES;
				GENERATE_INFOPLIST_FILE = YES;
				INFOPLIST_KEY_UIApplicationSceneManifest_Generation = YES;
				INFOPLIST_KEY_UIApplicationSupportsIndirectInputEvents = YES;
				INFOPLIST_KEY_UILaunchScreen_Generation = YES;
				INFOPLIST_KEY_UISupportedInterfaceOrientations_iPad = "UIInterfaceOrientationPortrait UIInterfaceOrientationPortraitUpsideDown UIInterfaceOrientationLandscapeLeft UIInterfaceOrientationLandscapeRight";
				INFOPLIST_KEY_UISupportedInterfaceOrientations_iPhone = "UIInterfaceOrientationPortrait UIInterfaceOrientationLandscapeLeft UIInterfaceOrientationLandscapeRight";
				LD_RUNPATH_SEARCH_PATHS = (
					"$(inherited)",
					"@executable_path/Frameworks",
				);
				MARKETING_VERSION = 1.0;
				PRODUCT_BUNDLE_IDENTIFIER = com.MicroJedi.PotionExplosion;
				PRODUCT_NAME = "$(TARGET_NAME)";
				SWIFT_EMIT_LOC_STRINGS = YES;
				SWIFT_VERSION = 5.0;
				TARGETED_DEVICE_FAMILY = "1,2";
			};
			name = Debug;
		};
		291F4D952C514CF90050BFF8 /* Release */ = {
			isa = XCBuildConfiguration;
			buildSettings = {
				ASSETCATALOG_COMPILER_APPICON_NAME = AppIcon;
				ASSETCATALOG_COMPILER_GLOBAL_ACCENT_COLOR_NAME = AccentColor;
				CODE_SIGN_STYLE = Automatic;
				CURRENT_PROJECT_VERSION = 1;
				DEVELOPMENT_ASSET_PATHS = "\"PotionExplosion/Preview Content\"";
				DEVELOPMENT_TEAM = CDR47T3ZRC;
				ENABLE_PREVIEWS = YES;
				GENERATE_INFOPLIST_FILE = YES;
				INFOPLIST_KEY_UIApplicationSceneManifest_Generation = YES;
				INFOPLIST_KEY_UIApplicationSupportsIndirectInputEvents = YES;
				INFOPLIST_KEY_UILaunchScreen_Generation = YES;
				INFOPLIST_KEY_UISupportedInterfaceOrientations_iPad = "UIInterfaceOrientationPortrait UIInterfaceOrientationPortraitUpsideDown UIInterfaceOrientationLandscapeLeft UIInterfaceOrientationLandscapeRight";
				INFOPLIST_KEY_UISupportedInterfaceOrientations_iPhone = "UIInterfaceOrientationPortrait UIInterfaceOrientationLandscapeLeft UIInterfaceOrientationLandscapeRight";
				LD_RUNPATH_SEARCH_PATHS = (
					"$(inherited)",
					"@executable_path/Frameworks",
				);
				MARKETING_VERSION = 1.0;
				PRODUCT_BUNDLE_IDENTIFIER = com.MicroJedi.PotionExplosion;
				PRODUCT_NAME = "$(TARGET_NAME)";
				SWIFT_EMIT_LOC_STRINGS = YES;
				SWIFT_VERSION = 5.0;
				TARGETED_DEVICE_FAMILY = "1,2";
			};
			name = Release;
		};
		291F4D972C514CF90050BFF8 /* Debug */ = {
			isa = XCBuildConfiguration;
			buildSettings = {
				ALWAYS_EMBED_SWIFT_STANDARD_LIBRARIES = YES;
				BUNDLE_LOADER = "$(TEST_HOST)";
				CODE_SIGN_STYLE = Automatic;
				CURRENT_PROJECT_VERSION = 1;
				DEVELOPMENT_TEAM = CDR47T3ZRC;
				GENERATE_INFOPLIST_FILE = YES;
				IPHONEOS_DEPLOYMENT_TARGET = 17.5;
				MARKETING_VERSION = 1.0;
				PRODUCT_BUNDLE_IDENTIFIER = com.MicroJedi.PotionExplosionTests;
				PRODUCT_NAME = "$(TARGET_NAME)";
				SWIFT_EMIT_LOC_STRINGS = NO;
				SWIFT_VERSION = 5.0;
				TARGETED_DEVICE_FAMILY = "1,2";
				TEST_HOST = "$(BUILT_PRODUCTS_DIR)/PotionExplosion.app/$(BUNDLE_EXECUTABLE_FOLDER_PATH)/PotionExplosion";
			};
			name = Debug;
		};
		291F4D982C514CF90050BFF8 /* Release */ = {
			isa = XCBuildConfiguration;
			buildSettings = {
				ALWAYS_EMBED_SWIFT_STANDARD_LIBRARIES = YES;
				BUNDLE_LOADER = "$(TEST_HOST)";
				CODE_SIGN_STYLE = Automatic;
				CURRENT_PROJECT_VERSION = 1;
				DEVELOPMENT_TEAM = CDR47T3ZRC;
				GENERATE_INFOPLIST_FILE = YES;
				IPHONEOS_DEPLOYMENT_TARGET = 17.5;
				MARKETING_VERSION = 1.0;
				PRODUCT_BUNDLE_IDENTIFIER = com.MicroJedi.PotionExplosionTests;
				PRODUCT_NAME = "$(TARGET_NAME)";
				SWIFT_EMIT_LOC_STRINGS = NO;
				SWIFT_VERSION = 5.0;
				TARGETED_DEVICE_FAMILY = "1,2";
				TEST_HOST = "$(BUILT_PRODUCTS_DIR)/PotionExplosion.app/$(BUNDLE_EXECUTABLE_FOLDER_PATH)/PotionExplosion";
			};
			name = Release;
		};
		291F4D9A2C514CF90050BFF8 /* Debug */ = {
			isa = XCBuildConfiguration;
			buildSettings = {
				ALWAYS_EMBED_SWIFT_STANDARD_LIBRARIES = YES;
				CODE_SIGN_STYLE = Automatic;
				CURRENT_PROJECT_VERSION = 1;
				DEVELOPMENT_TEAM = CDR47T3ZRC;
				GENERATE_INFOPLIST_FILE = YES;
				MARKETING_VERSION = 1.0;
				PRODUCT_BUNDLE_IDENTIFIER = com.MicroJedi.PotionExplosionUITests;
				PRODUCT_NAME = "$(TARGET_NAME)";
				SWIFT_EMIT_LOC_STRINGS = NO;
				SWIFT_VERSION = 5.0;
				TARGETED_DEVICE_FAMILY = "1,2";
				TEST_TARGET_NAME = PotionExplosion;
			};
			name = Debug;
		};
		291F4D9B2C514CF90050BFF8 /* Release */ = {
			isa = XCBuildConfiguration;
			buildSettings = {
				ALWAYS_EMBED_SWIFT_STANDARD_LIBRARIES = YES;
				CODE_SIGN_STYLE = Automatic;
				CURRENT_PROJECT_VERSION = 1;
				DEVELOPMENT_TEAM = CDR47T3ZRC;
				GENERATE_INFOPLIST_FILE = YES;
				MARKETING_VERSION = 1.0;
				PRODUCT_BUNDLE_IDENTIFIER = com.MicroJedi.PotionExplosionUITests;
				PRODUCT_NAME = "$(TARGET_NAME)";
				SWIFT_EMIT_LOC_STRINGS = NO;
				SWIFT_VERSION = 5.0;
				TARGETED_DEVICE_FAMILY = "1,2";
				TEST_TARGET_NAME = PotionExplosion;
			};
			name = Release;
		};
/* End XCBuildConfiguration section */

/* Begin XCConfigurationList section */
		291F4D682C514CF70050BFF8 /* Build configuration list for PBXProject "PotionExplosion" */ = {
			isa = XCConfigurationList;
			buildConfigurations = (
				291F4D912C514CF90050BFF8 /* Debug */,
				291F4D922C514CF90050BFF8 /* Release */,
			);
			defaultConfigurationIsVisible = 0;
			defaultConfigurationName = Release;
		};
		291F4D932C514CF90050BFF8 /* Build configuration list for PBXNativeTarget "PotionExplosion" */ = {
			isa = XCConfigurationList;
			buildConfigurations = (
				291F4D942C514CF90050BFF8 /* Debug */,
				291F4D952C514CF90050BFF8 /* Release */,
			);
			defaultConfigurationIsVisible = 0;
			defaultConfigurationName = Release;
		};
		291F4D962C514CF90050BFF8 /* Build configuration list for PBXNativeTarget "PotionExplosionTests" */ = {
			isa = XCConfigurationList;
			buildConfigurations = (
				291F4D972C514CF90050BFF8 /* Debug */,
				291F4D982C514CF90050BFF8 /* Release */,
			);
			defaultConfigurationIsVisible = 0;
			defaultConfigurationName = Release;
		};
		291F4D992C514CF90050BFF8 /* Build configuration list for PBXNativeTarget "PotionExplosionUITests" */ = {
			isa = XCConfigurationList;
			buildConfigurations = (
				291F4D9A2C514CF90050BFF8 /* Debug */,
				291F4D9B2C514CF90050BFF8 /* Release */,
			);
			defaultConfigurationIsVisible = 0;
			defaultConfigurationName = Release;
		};
/* End XCConfigurationList section */
	};
	rootObject = 291F4D652C514CF70050BFF8 /* Project object */;
}
